
Microsoft Visual Studio Solution File, Format Version 12.00
# Visual Studio 15
VisualStudioVersion = 15.0.27130.2024
MinimumVisualStudioVersion = 10.0.40219.1
Project("{FAE04EC0-301F-11D3-BF4B-00C04F79EFBC}") = "FotoSortierer_v2", "FotoSortierer_v2\FotoSortierer_v2.csproj", "{39801EA1-A2C5-4A20-9034-1CCC44D47595}"
EndProject
Project("{FAE04EC0-301F-11D3-BF4B-00C04F79EFBC}") = "Model", "Model\Model.csproj", "{095A4146-5029-41A1-8423-D842176A6519}"
EndProject
Project("{FAE04EC0-301F-11D3-BF4B-00C04F79EFBC}") = "MVVM", "MVVM\MVVM.csproj", "{A5A4075D-0DE7-4CDF-B7D5-C5E3CF264858}"
EndProject
Project("{FAE04EC0-301F-11D3-BF4B-00C04F79EFBC}") = "Repository", "Repository\Repository.csproj", "{2DD7C198-7F2F-4995-879E-447382081C96}"
EndProject
Project("{FAE04EC0-301F-11D3-BF4B-00C04F79EFBC}") = "Helper", "Helper\Helper.csproj", "{15788549-6C97-4F66-957C-9945D0436711}"
EndProject
Project("{2150E333-8FDC-42A3-9474-1A3956D46DE8}") = "SolutionItems", "SolutionItems", "{F6613486-DD77-458A-8730-015C82AE2E85}"
	ProjectSection(SolutionItems) = preProject
		ReadMe.md = ReadMe.md
	EndProjectSection
EndProject
Project("{FAE04EC0-301F-11D3-BF4B-00C04F79EFBC}") = "ImageSimilarity", "ImageSimilarity\ImageSimilarity.csproj", "{0E019414-C27F-4AC7-B66F-3E1C60C50E5B}"
EndProject
Global
	GlobalSection(SolutionConfigurationPlatforms) = preSolution
		Debug|Any CPU = Debug|Any CPU
		Release|Any CPU = Release|Any CPU
	EndGlobalSection
	GlobalSection(ProjectConfigurationPlatforms) = postSolution
		{39801EA1-A2C5-4A20-9034-1CCC44D47595}.Debug|Any CPU.ActiveCfg = Debug|Any CPU
		{39801EA1-A2C5-4A20-9034-1CCC44D47595}.Debug|Any CPU.Build.0 = Debug|Any CPU
		{39801EA1-A2C5-4A20-9034-1CCC44D47595}.Release|Any CPU.ActiveCfg = Release|Any CPU
		{39801EA1-A2C5-4A20-9034-1CCC44D47595}.Release|Any CPU.Build.0 = Release|Any CPU
		{095A4146-5029-41A1-8423-D842176A6519}.Debug|Any CPU.ActiveCfg = Debug|Any CPU
		{095A4146-5029-41A1-8423-D842176A6519}.Debug|Any CPU.Build.0 = Debug|Any CPU
		{095A4146-5029-41A1-8423-D842176A6519}.Release|Any CPU.ActiveCfg = Release|Any CPU
		{095A4146-5029-41A1-8423-D842176A6519}.Release|Any CPU.Build.0 = Release|Any CPU
		{A5A4075D-0DE7-4CDF-B7D5-C5E3CF264858}.Debug|Any CPU.ActiveCfg = Debug|Any CPU
		{A5A4075D-0DE7-4CDF-B7D5-C5E3CF264858}.Debug|Any CPU.Build.0 = Debug|Any CPU
		{A5A4075D-0DE7-4CDF-B7D5-C5E3CF264858}.Release|Any CPU.ActiveCfg = Release|Any CPU
		{A5A4075D-0DE7-4CDF-B7D5-C5E3CF264858}.Release|Any CPU.Build.0 = Release|Any CPU
		{2DD7C198-7F2F-4995-879E-447382081C96}.Debug|Any CPU.ActiveCfg = Debug|Any CPU
		{2DD7C198-7F2F-4995-879E-447382081C96}.Debug|Any CPU.Build.0 = Debug|Any CPU
		{2DD7C198-7F2F-4995-879E-447382081C96}.Release|Any CPU.ActiveCfg = Release|Any CPU
		{2DD7C198-7F2F-4995-879E-447382081C96}.Release|Any CPU.Build.0 = Release|Any CPU
		{15788549-6C97-4F66-957C-9945D0436711}.Debug|Any CPU.ActiveCfg = Debug|Any CPU
		{15788549-6C97-4F66-957C-9945D0436711}.Debug|Any CPU.Build.0 = Debug|Any CPU
		{15788549-6C97-4F66-957C-9945D0436711}.Release|Any CPU.ActiveCfg = Release|Any CPU
		{15788549-6C97-4F66-957C-9945D0436711}.Release|Any CPU.Build.0 = Release|Any CPU
		{0E019414-C27F-4AC7-B66F-3E1C60C50E5B}.Debug|Any CPU.ActiveCfg = Debug|Any CPU
		{0E019414-C27F-4AC7-B66F-3E1C60C50E5B}.Debug|Any CPU.Build.0 = Debug|Any CPU
		{0E019414-C27F-4AC7-B66F-3E1C60C50E5B}.Release|Any CPU.ActiveCfg = Release|Any CPU
		{0E019414-C27F-4AC7-B66F-3E1C60C50E5B}.Release|Any CPU.Build.0 = Release|Any CPU
	EndGlobalSection
	GlobalSection(SolutionProperties) = preSolution
		HideSolutionNode = FALSE
	EndGlobalSection
	GlobalSection(ExtensibilityGlobals) = postSolution
		SolutionGuid = {28D0E059-FCD0-411D-8BA9-90367C9EEDCB}
	EndGlobalSection
EndGlobal
